
Microsoft Visual Studio Solution File, Format Version 12.00
# Visual Studio Version 17
VisualStudioVersion = 17.0.31903.59
MinimumVisualStudioVersion = 10.0.40219.1
Project("{2150E333-8FDC-42A3-9474-1A3956D46DE8}") = "src", "src", "{C3367DAB-0E70-4764-92D6-425260A6B016}"
EndProject
Project("{FAE04EC0-301F-11D3-BF4B-00C04F79EFBC}") = "novelpost.Api", "src\novelpost.Api\novelpost.Api.csproj", "{C444B471-23CB-492D-BE17-088F860BA76D}"
EndProject
Project("{FAE04EC0-301F-11D3-BF4B-00C04F79EFBC}") = "novelpost.Application", "src\novelpost.Application\novelpost.Application.csproj", "{6D08918B-C0F8-4087-A7A9-29464BD57901}"
EndProject
Project("{FAE04EC0-301F-11D3-BF4B-00C04F79EFBC}") = "novelpost.Contracts", "src\novelpost.Contracts\novelpost.Contracts.csproj", "{FD794A1D-7CA0-4B20-A662-835F652B2CE8}"
EndProject
Project("{FAE04EC0-301F-11D3-BF4B-00C04F79EFBC}") = "novelpost.Domain", "src\novelpost.Domain\novelpost.Domain.csproj", "{9AE9F3EA-B6F5-4BA6-B2A4-DC3E65444388}"
EndProject
Project("{FAE04EC0-301F-11D3-BF4B-00C04F79EFBC}") = "novelpost.Infrastructure", "src\novelpost.Infrastructure\novelpost.Infrastructure.csproj", "{5AF2D77B-4C4F-4BE4-9A33-6227B2C434EC}"
EndProject
Global
	GlobalSection(SolutionConfigurationPlatforms) = preSolution
		Debug|Any CPU = Debug|Any CPU
		Release|Any CPU = Release|Any CPU
	EndGlobalSection
	GlobalSection(SolutionProperties) = preSolution
		HideSolutionNode = FALSE
	EndGlobalSection
	GlobalSection(ProjectConfigurationPlatforms) = postSolution
		{C444B471-23CB-492D-BE17-088F860BA76D}.Debug|Any CPU.ActiveCfg = Debug|Any CPU
		{C444B471-23CB-492D-BE17-088F860BA76D}.Debug|Any CPU.Build.0 = Debug|Any CPU
		{C444B471-23CB-492D-BE17-088F860BA76D}.Release|Any CPU.ActiveCfg = Release|Any CPU
		{C444B471-23CB-492D-BE17-088F860BA76D}.Release|Any CPU.Build.0 = Release|Any CPU
		{6D08918B-C0F8-4087-A7A9-29464BD57901}.Debug|Any CPU.ActiveCfg = Debug|Any CPU
		{6D08918B-C0F8-4087-A7A9-29464BD57901}.Debug|Any CPU.Build.0 = Debug|Any CPU
		{6D08918B-C0F8-4087-A7A9-29464BD57901}.Release|Any CPU.ActiveCfg = Release|Any CPU
		{6D08918B-C0F8-4087-A7A9-29464BD57901}.Release|Any CPU.Build.0 = Release|Any CPU
		{FD794A1D-7CA0-4B20-A662-835F652B2CE8}.Debug|Any CPU.ActiveCfg = Debug|Any CPU
		{FD794A1D-7CA0-4B20-A662-835F652B2CE8}.Debug|Any CPU.Build.0 = Debug|Any CPU
		{FD794A1D-7CA0-4B20-A662-835F652B2CE8}.Release|Any CPU.ActiveCfg = Release|Any CPU
		{FD794A1D-7CA0-4B20-A662-835F652B2CE8}.Release|Any CPU.Build.0 = Release|Any CPU
		{9AE9F3EA-B6F5-4BA6-B2A4-DC3E65444388}.Debug|Any CPU.ActiveCfg = Debug|Any CPU
		{9AE9F3EA-B6F5-4BA6-B2A4-DC3E65444388}.Debug|Any CPU.Build.0 = Debug|Any CPU
		{9AE9F3EA-B6F5-4BA6-B2A4-DC3E65444388}.Release|Any CPU.ActiveCfg = Release|Any CPU
		{9AE9F3EA-B6F5-4BA6-B2A4-DC3E65444388}.Release|Any CPU.Build.0 = Release|Any CPU
		{5AF2D77B-4C4F-4BE4-9A33-6227B2C434EC}.Debug|Any CPU.ActiveCfg = Debug|Any CPU
		{5AF2D77B-4C4F-4BE4-9A33-6227B2C434EC}.Debug|Any CPU.Build.0 = Debug|Any CPU
		{5AF2D77B-4C4F-4BE4-9A33-6227B2C434EC}.Release|Any CPU.ActiveCfg = Release|Any CPU
		{5AF2D77B-4C4F-4BE4-9A33-6227B2C434EC}.Release|Any CPU.Build.0 = Release|Any CPU
	EndGlobalSection
	GlobalSection(NestedProjects) = preSolution
		{C444B471-23CB-492D-BE17-088F860BA76D} = {C3367DAB-0E70-4764-92D6-425260A6B016}
		{6D08918B-C0F8-4087-A7A9-29464BD57901} = {C3367DAB-0E70-4764-92D6-425260A6B016}
		{FD794A1D-7CA0-4B20-A662-835F652B2CE8} = {C3367DAB-0E70-4764-92D6-425260A6B016}
		{9AE9F3EA-B6F5-4BA6-B2A4-DC3E65444388} = {C3367DAB-0E70-4764-92D6-425260A6B016}
		{5AF2D77B-4C4F-4BE4-9A33-6227B2C434EC} = {C3367DAB-0E70-4764-92D6-425260A6B016}
	EndGlobalSection
EndGlobal
